Microsoft Visual Studio Solution File, Format Version 12.00
# Visual Studio Version 17
VisualStudioVersion = 17.5.2.0
MinimumVisualStudioVersion = 10.0.40219.1
Project("{FAE04EC0-301F-11D3-BF4B-00C04F79EFBC}") = "CSharpPractice", "CSharpPractice.csproj", "{179FB980-61C9-66B8-DFA9-B8607395E6A1}"
EndProject
Global
	GlobalSection(SolutionConfigurationPlatforms) = preSolution
		Debug|Any CPU = Debug|Any CPU
		Release|Any CPU = Release|Any CPU
	EndGlobalSection
	GlobalSection(ProjectConfigurationPlatforms) = postSolution
		{179FB980-61C9-66B8-DFA9-B8607395E6A1}.Debug|Any CPU.ActiveCfg = Debug|Any CPU
		{179FB980-61C9-66B8-DFA9-B8607395E6A1}.Debug|Any CPU.Build.0 = Debug|Any CPU
		{179FB980-61C9-66B8-DFA9-B8607395E6A1}.Release|Any CPU.ActiveCfg = Release|Any CPU
		{179FB980-61C9-66B8-DFA9-B8607395E6A1}.Release|Any CPU.Build.0 = Release|Any CPU
	EndGlobalSection
	GlobalSection(SolutionProperties) = preSolution
		HideSolutionNode = FALSE
	EndGlobalSection
	GlobalSection(ExtensibilityGlobals) = postSolution
		SolutionGuid = {6CAA2C32-C8B4-4AC5-B8E9-BF141CE1C40C}
	EndGlobalSection
EndGlobal
